// !$*UTF8*$!
{
	archiveVersion = 1;
	classes = {
	};
	objectVersion = 46;
	objects = {

/* Begin PBXBuildFile section */
		D81B91471C33835F00526895 /* Emoji.swift in Sources */ = {isa = PBXBuildFile; fileRef = D81B91461C33835F00526895 /* Emoji.swift */; };
		D81B91481C33876C00526895 /* Emoji.swift in Sources */ = {isa = PBXBuildFile; fileRef = D81B91461C33835F00526895 /* Emoji.swift */; };
		D81B914F1C33D85700526895 /* EmojiInputEngineTests.swift in Sources */ = {isa = PBXBuildFile; fileRef = D81B914E1C33D85700526895 /* EmojiInputEngineTests.swift */; };
		D84045701C6484D1007FBD31 /* ReactiveCocoa.framework in Frameworks */ = {isa = PBXBuildFile; fileRef = D840456C1C6484D1007FBD31 /* ReactiveCocoa.framework */; };
		D84045711C6484D1007FBD31 /* ReactiveCocoa.framework in Embed Frameworks */ = {isa = PBXBuildFile; fileRef = D840456C1C6484D1007FBD31 /* ReactiveCocoa.framework */; settings = {ATTRIBUTES = (CodeSignOnCopy, RemoveHeadersOnCopy, ); }; };
		D84045721C6484D1007FBD31 /* SwiftyJSON.framework in Frameworks */ = {isa = PBXBuildFile; fileRef = D840456D1C6484D1007FBD31 /* SwiftyJSON.framework */; };
		D84045731C6484D1007FBD31 /* SwiftyJSON.framework in Embed Frameworks */ = {isa = PBXBuildFile; fileRef = D840456D1C6484D1007FBD31 /* SwiftyJSON.framework */; settings = {ATTRIBUTES = (CodeSignOnCopy, RemoveHeadersOnCopy, ); }; };
		D840457A1C64861F007FBD31 /* ReactiveCocoa.framework.dSYM in CopyFiles */ = {isa = PBXBuildFile; fileRef = D84045771C64861F007FBD31 /* ReactiveCocoa.framework.dSYM */; };
		D840457B1C64861F007FBD31 /* SwiftyJSON.framework.dSYM in CopyFiles */ = {isa = PBXBuildFile; fileRef = D84045781C64861F007FBD31 /* SwiftyJSON.framework.dSYM */; };
		D840457D1C648804007FBD31 /* Logging.swift in Sources */ = {isa = PBXBuildFile; fileRef = D840457C1C648804007FBD31 /* Logging.swift */; };
		D84045801C6489CC007FBD31 /* XCGLogger.framework in Frameworks */ = {isa = PBXBuildFile; fileRef = D840457F1C6489CC007FBD31 /* XCGLogger.framework */; };
		D84045811C6489CC007FBD31 /* XCGLogger.framework in Embed Frameworks */ = {isa = PBXBuildFile; fileRef = D840457F1C6489CC007FBD31 /* XCGLogger.framework */; settings = {ATTRIBUTES = (CodeSignOnCopy, RemoveHeadersOnCopy, ); }; };
		D84045831C6489DA007FBD31 /* XCGLogger.framework.dSYM in CopyFiles */ = {isa = PBXBuildFile; fileRef = D84045821C6489DA007FBD31 /* XCGLogger.framework.dSYM */; };
		D84045871C648B18007FBD31 /* Result.framework in Frameworks */ = {isa = PBXBuildFile; fileRef = D84045861C648B18007FBD31 /* Result.framework */; };
		D84045881C648B18007FBD31 /* Result.framework in Embed Frameworks */ = {isa = PBXBuildFile; fileRef = D84045861C648B18007FBD31 /* Result.framework */; settings = {ATTRIBUTES = (CodeSignOnCopy, RemoveHeadersOnCopy, ); }; };
		D840458A1C648B29007FBD31 /* Result.framework.dSYM in CopyFiles */ = {isa = PBXBuildFile; fileRef = D84045891C648B29007FBD31 /* Result.framework.dSYM */; };
		D840458C1C648BBE007FBD31 /* AppDelegate.swift in Sources */ = {isa = PBXBuildFile; fileRef = D840458B1C648BBE007FBD31 /* AppDelegate.swift */; };
		D840458E1C64959E007FBD31 /* ReactiveCocoa.framework in Frameworks */ = {isa = PBXBuildFile; fileRef = D840456C1C6484D1007FBD31 /* ReactiveCocoa.framework */; };
		D840458F1C64959E007FBD31 /* Result.framework in Frameworks */ = {isa = PBXBuildFile; fileRef = D84045861C648B18007FBD31 /* Result.framework */; };
		D84045901C64959E007FBD31 /* SwiftyJSON.framework in Frameworks */ = {isa = PBXBuildFile; fileRef = D840456D1C6484D1007FBD31 /* SwiftyJSON.framework */; };
		D84045911C64959E007FBD31 /* XCGLogger.framework in Frameworks */ = {isa = PBXBuildFile; fileRef = D840457F1C6489CC007FBD31 /* XCGLogger.framework */; };
		D84045921C649D03007FBD31 /* AppDelegate.swift in Sources */ = {isa = PBXBuildFile; fileRef = D840458B1C648BBE007FBD31 /* AppDelegate.swift */; };
		D88094B81C2A0FE2005E57CF /* main.m in Sources */ = {isa = PBXBuildFile; fileRef = D88094B71C2A0FE2005E57CF /* main.m */; };
		D88094BB1C2A0FE2005E57CF /* ViewController.m in Sources */ = {isa = PBXBuildFile; fileRef = D88094BA1C2A0FE2005E57CF /* ViewController.m */; };
		D88094BD1C2A0FE2005E57CF /* Assets.xcassets in Resources */ = {isa = PBXBuildFile; fileRef = D88094BC1C2A0FE2005E57CF /* Assets.xcassets */; };
		D88094C01C2A0FE2005E57CF /* Main.storyboard in Resources */ = {isa = PBXBuildFile; fileRef = D88094BE1C2A0FE2005E57CF /* Main.storyboard */; };
		D88094D71C2A1086005E57CF /* MojitoInputController.swift in Sources */ = {isa = PBXBuildFile; fileRef = D88094D61C2A1086005E57CF /* MojitoInputController.swift */; };
		D88094DA1C2A1193005E57CF /* ProxyInputController.m in Sources */ = {isa = PBXBuildFile; fileRef = D88094D91C2A1193005E57CF /* ProxyInputController.m */; };
		D88094DD1C2A11DD005E57CF /* OVInputSourceHelper.m in Sources */ = {isa = PBXBuildFile; fileRef = D88094DC1C2A11DD005E57CF /* OVInputSourceHelper.m */; };
		D885FDC81C337E800002E0F2 /* emojilib.json in Resources */ = {isa = PBXBuildFile; fileRef = D885FDC71C337E7F0002E0F2 /* emojilib.json */; };
		D891F1921C3372200061B6B0 /* CandidatesViewController.swift in Sources */ = {isa = PBXBuildFile; fileRef = D8E82CF81C2CAD7D00866A7A /* CandidatesViewController.swift */; };
		D891F1931C3372220061B6B0 /* CandidatesWindowController.swift in Sources */ = {isa = PBXBuildFile; fileRef = D8E82CFA1C2CB92E00866A7A /* CandidatesWindowController.swift */; };
		D891F1941C3372260061B6B0 /* CandidatesItem.swift in Sources */ = {isa = PBXBuildFile; fileRef = D8FD90AD1C2F4E00001145FD /* CandidatesItem.swift */; };
		D8C3523A1C34AF3600FA034E /* CandidatesWindow.swift in Sources */ = {isa = PBXBuildFile; fileRef = D8C352391C34AF3600FA034E /* CandidatesWindow.swift */; };
		D8E82CDA1C2A780D00866A7A /* MojitoInputControllerTests.swift in Sources */ = {isa = PBXBuildFile; fileRef = D8E82CD91C2A780D00866A7A /* MojitoInputControllerTests.swift */; };
		D8E82CDC1C2A803A00866A7A /* MojitoInputController.swift in Sources */ = {isa = PBXBuildFile; fileRef = D88094D61C2A1086005E57CF /* MojitoInputController.swift */; };
		D8E82CDF1C2A807600866A7A /* MockIMKTextInput.swift in Sources */ = {isa = PBXBuildFile; fileRef = D8E82CDE1C2A807600866A7A /* MockIMKTextInput.swift */; };
		D8E82CE21C2BD8A000866A7A /* EmojiInputEngineProtocol.swift in Sources */ = {isa = PBXBuildFile; fileRef = D8E82CE11C2BD8A000866A7A /* EmojiInputEngineProtocol.swift */; };
		D8E82CE41C2BDA3300866A7A /* EmojiCandidate.swift in Sources */ = {isa = PBXBuildFile; fileRef = D8E82CE31C2BDA3300866A7A /* EmojiCandidate.swift */; };
		D8E82CE81C2BDD8900866A7A /* EmojiInputEngine.swift in Sources */ = {isa = PBXBuildFile; fileRef = D8E82CE71C2BDD8900866A7A /* EmojiInputEngine.swift */; };
		D8E82CEA1C2BE07100866A7A /* MojitServer.swift in Sources */ = {isa = PBXBuildFile; fileRef = D8E82CE91C2BE07100866A7A /* MojitServer.swift */; };
		D8E82CEC1C2BE41200866A7A /* MojitServerProtocol.swift in Sources */ = {isa = PBXBuildFile; fileRef = D8E82CEB1C2BE41200866A7A /* MojitServerProtocol.swift */; };
		D8E82CED1C2BE6A300866A7A /* MojitServer.swift in Sources */ = {isa = PBXBuildFile; fileRef = D8E82CE91C2BE07100866A7A /* MojitServer.swift */; };
		D8E82CEE1C2BE6A500866A7A /* MojitServerProtocol.swift in Sources */ = {isa = PBXBuildFile; fileRef = D8E82CEB1C2BE41200866A7A /* MojitServerProtocol.swift */; };
		D8E82CEF1C2BE6A800866A7A /* EmojiCandidate.swift in Sources */ = {isa = PBXBuildFile; fileRef = D8E82CE31C2BDA3300866A7A /* EmojiCandidate.swift */; };
		D8E82CF01C2BE6AA00866A7A /* EmojiInputEngineProtocol.swift in Sources */ = {isa = PBXBuildFile; fileRef = D8E82CE11C2BD8A000866A7A /* EmojiInputEngineProtocol.swift */; };
		D8E82CF11C2BE6AC00866A7A /* EmojiInputEngine.swift in Sources */ = {isa = PBXBuildFile; fileRef = D8E82CE71C2BDD8900866A7A /* EmojiInputEngine.swift */; };
		D8E82CF31C2BE70E00866A7A /* MockMojitServer.swift in Sources */ = {isa = PBXBuildFile; fileRef = D8E82CF21C2BE70E00866A7A /* MockMojitServer.swift */; };
		D8E82CF51C2BE73500866A7A /* MockEmojiInputEngine.swift in Sources */ = {isa = PBXBuildFile; fileRef = D8E82CF41C2BE73500866A7A /* MockEmojiInputEngine.swift */; };
		D8E82CF71C2CA14200866A7A /* Candidates.storyboard in Resources */ = {isa = PBXBuildFile; fileRef = D8E82CF61C2CA14200866A7A /* Candidates.storyboard */; };
		D8E82CF91C2CAD7D00866A7A /* CandidatesViewController.swift in Sources */ = {isa = PBXBuildFile; fileRef = D8E82CF81C2CAD7D00866A7A /* CandidatesViewController.swift */; };
		D8E82CFB1C2CB92E00866A7A /* CandidatesWindowController.swift in Sources */ = {isa = PBXBuildFile; fileRef = D8E82CFA1C2CB92E00866A7A /* CandidatesWindowController.swift */; };
		D8F633F81C30683900D12B9B /* Mojito.icns in Resources */ = {isa = PBXBuildFile; fileRef = D8F633F71C30683900D12B9B /* Mojito.icns */; };
		D8FD90AC1C2F4D62001145FD /* CandidatesItem.xib in Resources */ = {isa = PBXBuildFile; fileRef = D8FD90AB1C2F4D62001145FD /* CandidatesItem.xib */; };
		D8FD90AE1C2F4E00001145FD /* CandidatesItem.swift in Sources */ = {isa = PBXBuildFile; fileRef = D8FD90AD1C2F4E00001145FD /* CandidatesItem.swift */; };
/* End PBXBuildFile section */

/* Begin PBXContainerItemProxy section */
		D88094C71C2A0FE2005E57CF /* PBXContainerItemProxy */ = {
			isa = PBXContainerItemProxy;
			containerPortal = D88094A81C2A0FE1005E57CF /* Project object */;
			proxyType = 1;
			remoteGlobalIDString = D88094AF1C2A0FE1005E57CF;
			remoteInfo = EmojiInput;
		};
/* End PBXContainerItemProxy section */

/* Begin PBXCopyFilesBuildPhase section */
		D840456A1C648426007FBD31 /* Embed Frameworks */ = {
			isa = PBXCopyFilesBuildPhase;
			buildActionMask = 2147483647;
			dstPath = "";
			dstSubfolderSpec = 10;
			files = (
				D84045711C6484D1007FBD31 /* ReactiveCocoa.framework in Embed Frameworks */,
				D84045731C6484D1007FBD31 /* SwiftyJSON.framework in Embed Frameworks */,
				D84045811C6489CC007FBD31 /* XCGLogger.framework in Embed Frameworks */,
				D84045881C648B18007FBD31 /* Result.framework in Embed Frameworks */,
			);
			name = "Embed Frameworks";
			runOnlyForDeploymentPostprocessing = 0;
		};
		D84045751C6485FB007FBD31 /* CopyFiles */ = {
			isa = PBXCopyFilesBuildPhase;
			buildActionMask = 2147483647;
			dstPath = "";
			dstSubfolderSpec = 16;
			files = (
				D840458A1C648B29007FBD31 /* Result.framework.dSYM in CopyFiles */,
				D840457A1C64861F007FBD31 /* ReactiveCocoa.framework.dSYM in CopyFiles */,
				D84045831C6489DA007FBD31 /* XCGLogger.framework.dSYM in CopyFiles */,
				D840457B1C64861F007FBD31 /* SwiftyJSON.framework.dSYM in CopyFiles */,
			);
			runOnlyForDeploymentPostprocessing = 0;
		};
/* End PBXCopyFilesBuildPhase section */

/* Begin PBXFileReference section */
		D81B91461C33835F00526895 /* Emoji.swift */ = {isa = PBXFileReference; fileEncoding = 4; lastKnownFileType = sourcecode.swift; path = Emoji.swift; sourceTree = "<group>"; };
		D81B914E1C33D85700526895 /* EmojiInputEngineTests.swift */ = {isa = PBXFileReference; fileEncoding = 4; lastKnownFileType = sourcecode.swift; path = EmojiInputEngineTests.swift; sourceTree = "<group>"; };
		D840456B1C6484D1007FBD31 /* CocoaLumberjack.framework */ = {isa = PBXFileReference; lastKnownFileType = wrapper.framework; name = CocoaLumberjack.framework; path = Carthage/Build/Mac/CocoaLumberjack.framework; sourceTree = "<group>"; };
		D840456C1C6484D1007FBD31 /* ReactiveCocoa.framework */ = {isa = PBXFileReference; lastKnownFileType = wrapper.framework; name = ReactiveCocoa.framework; path = Carthage/Build/Mac/ReactiveCocoa.framework; sourceTree = "<group>"; };
		D840456D1C6484D1007FBD31 /* SwiftyJSON.framework */ = {isa = PBXFileReference; lastKnownFileType = wrapper.framework; name = SwiftyJSON.framework; path = Carthage/Build/Mac/SwiftyJSON.framework; sourceTree = "<group>"; };
		D84045761C64861F007FBD31 /* CocoaLumberjack.framework.dSYM */ = {isa = PBXFileReference; lastKnownFileType = wrapper.dsym; name = CocoaLumberjack.framework.dSYM; path = Carthage/Build/Mac/CocoaLumberjack.framework.dSYM; sourceTree = "<group>"; };
		D84045771C64861F007FBD31 /* ReactiveCocoa.framework.dSYM */ = {isa = PBXFileReference; lastKnownFileType = wrapper.dsym; name = ReactiveCocoa.framework.dSYM; path = Carthage/Build/Mac/ReactiveCocoa.framework.dSYM; sourceTree = "<group>"; };
		D84045781C64861F007FBD31 /* SwiftyJSON.framework.dSYM */ = {isa = PBXFileReference; lastKnownFileType = wrapper.dsym; name = SwiftyJSON.framework.dSYM; path = Carthage/Build/Mac/SwiftyJSON.framework.dSYM; sourceTree = "<group>"; };
		D840457C1C648804007FBD31 /* Logging.swift */ = {isa = PBXFileReference; fileEncoding = 4; lastKnownFileType = sourcecode.swift; path = Logging.swift; sourceTree = "<group>"; };
		D840457F1C6489CC007FBD31 /* XCGLogger.framework */ = {isa = PBXFileReference; lastKnownFileType = wrapper.framework; name = XCGLogger.framework; path = Carthage/Build/Mac/XCGLogger.framework; sourceTree = "<group>"; };
		D84045821C6489DA007FBD31 /* XCGLogger.framework.dSYM */ = {isa = PBXFileReference; lastKnownFileType = wrapper.dsym; name = XCGLogger.framework.dSYM; path = Carthage/Build/Mac/XCGLogger.framework.dSYM; sourceTree = "<group>"; };
		D84045841C648B0B007FBD31 /* Result.framework */ = {isa = PBXFileReference; lastKnownFileType = wrapper.framework; name = Result.framework; path = Carthage/Build/Mac/Result.framework; sourceTree = "<group>"; };
		D84045861C648B18007FBD31 /* Result.framework */ = {isa = PBXFileReference; lastKnownFileType = wrapper.framework; name = Result.framework; path = Carthage/Build/Mac/Result.framework; sourceTree = "<group>"; };
		D84045891C648B29007FBD31 /* Result.framework.dSYM */ = {isa = PBXFileReference; lastKnownFileType = wrapper.dsym; name = Result.framework.dSYM; path = Carthage/Build/Mac/Result.framework.dSYM; sourceTree = "<group>"; };
		D840458B1C648BBE007FBD31 /* AppDelegate.swift */ = {isa = PBXFileReference; fileEncoding = 4; lastKnownFileType = sourcecode.swift; path = AppDelegate.swift; sourceTree = "<group>"; };
		D88094B01C2A0FE1005E57CF /* Mojito.app */ = {isa = PBXFileReference; explicitFileType = wrapper.application; includeInIndex = 0; path = Mojito.app; sourceTree = BUILT_PRODUCTS_DIR; };
		D88094B71C2A0FE2005E57CF /* main.m */ = {isa = PBXFileReference; lastKnownFileType = sourcecode.c.objc; path = main.m; sourceTree = "<group>"; };
		D88094B91C2A0FE2005E57CF /* ViewController.h */ = {isa = PBXFileReference; lastKnownFileType = sourcecode.c.h; path = ViewController.h; sourceTree = "<group>"; };
		D88094BA1C2A0FE2005E57CF /* ViewController.m */ = {isa = PBXFileReference; lastKnownFileType = sourcecode.c.objc; path = ViewController.m; sourceTree = "<group>"; };
		D88094BC1C2A0FE2005E57CF /* Assets.xcassets */ = {isa = PBXFileReference; lastKnownFileType = folder.assetcatalog; path = Assets.xcassets; sourceTree = "<group>"; };
		D88094BF1C2A0FE2005E57CF /* Base */ = {isa = PBXFileReference; lastKnownFileType = file.storyboard; name = Base; path = Base.lproj/Main.storyboard; sourceTree = "<group>"; };
		D88094C11C2A0FE2005E57CF /* Info.plist */ = {isa = PBXFileReference; lastKnownFileType = text.plist.xml; path = Info.plist; sourceTree = "<group>"; };
		D88094C61C2A0FE2005E57CF /* Mojito.xctest */ = {isa = PBXFileReference; explicitFileType = wrapper.cfbundle; includeInIndex = 0; path = Mojito.xctest; sourceTree = BUILT_PRODUCTS_DIR; };
		D88094CC1C2A0FE2005E57CF /* Info.plist */ = {isa = PBXFileReference; lastKnownFileType = text.plist.xml; path = Info.plist; sourceTree = "<group>"; };
		D88094D51C2A1086005E57CF /* Mojito-Bridging-Header.h */ = {isa = PBXFileReference; lastKnownFileType = sourcecode.c.h; path = "Mojito-Bridging-Header.h"; sourceTree = "<group>"; };
		D88094D61C2A1086005E57CF /* MojitoInputController.swift */ = {isa = PBXFileReference; fileEncoding = 4; lastKnownFileType = sourcecode.swift; path = MojitoInputController.swift; sourceTree = "<group>"; };
		D88094D81C2A1193005E57CF /* ProxyInputController.h */ = {isa = PBXFileReference; fileEncoding = 4; lastKnownFileType = sourcecode.c.h; path = ProxyInputController.h; sourceTree = "<group>"; };
		D88094D91C2A1193005E57CF /* ProxyInputController.m */ = {isa = PBXFileReference; fileEncoding = 4; lastKnownFileType = sourcecode.c.objc; path = ProxyInputController.m; sourceTree = "<group>"; };
		D88094DB1C2A11DD005E57CF /* OVInputSourceHelper.h */ = {isa = PBXFileReference; fileEncoding = 4; lastKnownFileType = sourcecode.c.h; path = OVInputSourceHelper.h; sourceTree = "<group>"; };
		D88094DC1C2A11DD005E57CF /* OVInputSourceHelper.m */ = {isa = PBXFileReference; fileEncoding = 4; lastKnownFileType = sourcecode.c.objc; path = OVInputSourceHelper.m; sourceTree = "<group>"; };
		D885FDC71C337E7F0002E0F2 /* emojilib.json */ = {isa = PBXFileReference; fileEncoding = 4; lastKnownFileType = text.json; path = emojilib.json; sourceTree = "<group>"; };
		D8C352391C34AF3600FA034E /* CandidatesWindow.swift */ = {isa = PBXFileReference; fileEncoding = 4; lastKnownFileType = sourcecode.swift; path = CandidatesWindow.swift; sourceTree = "<group>"; };
		D8E82CD91C2A780D00866A7A /* MojitoInputControllerTests.swift */ = {isa = PBXFileReference; fileEncoding = 4; lastKnownFileType = sourcecode.swift; path = MojitoInputControllerTests.swift; sourceTree = "<group>"; };
		D8E82CDE1C2A807600866A7A /* MockIMKTextInput.swift */ = {isa = PBXFileReference; fileEncoding = 4; lastKnownFileType = sourcecode.swift; path = MockIMKTextInput.swift; sourceTree = "<group>"; };
		D8E82CE11C2BD8A000866A7A /* EmojiInputEngineProtocol.swift */ = {isa = PBXFileReference; fileEncoding = 4; lastKnownFileType = sourcecode.swift; path = EmojiInputEngineProtocol.swift; sourceTree = "<group>"; };
		D8E82CE31C2BDA3300866A7A /* EmojiCandidate.swift */ = {isa = PBXFileReference; fileEncoding = 4; lastKnownFileType = sourcecode.swift; path = EmojiCandidate.swift; sourceTree = "<group>"; };
		D8E82CE71C2BDD8900866A7A /* EmojiInputEngine.swift */ = {isa = PBXFileReference; fileEncoding = 4; lastKnownFileType = sourcecode.swift; path = EmojiInputEngine.swift; sourceTree = "<group>"; };
		D8E82CE91C2BE07100866A7A /* MojitServer.swift */ = {isa = PBXFileReference; fileEncoding = 4; lastKnownFileType = sourcecode.swift; path = MojitServer.swift; sourceTree = "<group>"; };
		D8E82CEB1C2BE41200866A7A /* MojitServerProtocol.swift */ = {isa = PBXFileReference; fileEncoding = 4; lastKnownFileType = sourcecode.swift; path = MojitServerProtocol.swift; sourceTree = "<group>"; };
		D8E82CF21C2BE70E00866A7A /* MockMojitServer.swift */ = {isa = PBXFileReference; fileEncoding = 4; lastKnownFileType = sourcecode.swift; path = MockMojitServer.swift; sourceTree = "<group>"; };
		D8E82CF41C2BE73500866A7A /* MockEmojiInputEngine.swift */ = {isa = PBXFileReference; fileEncoding = 4; lastKnownFileType = sourcecode.swift; path = MockEmojiInputEngine.swift; sourceTree = "<group>"; };
		D8E82CF61C2CA14200866A7A /* Candidates.storyboard */ = {isa = PBXFileReference; fileEncoding = 4; lastKnownFileType = file.storyboard; path = Candidates.storyboard; sourceTree = "<group>"; };
		D8E82CF81C2CAD7D00866A7A /* CandidatesViewController.swift */ = {isa = PBXFileReference; fileEncoding = 4; lastKnownFileType = sourcecode.swift; path = CandidatesViewController.swift; sourceTree = "<group>"; };
		D8E82CFA1C2CB92E00866A7A /* CandidatesWindowController.swift */ = {isa = PBXFileReference; fileEncoding = 4; lastKnownFileType = sourcecode.swift; path = CandidatesWindowController.swift; sourceTree = "<group>"; };
		D8F633F71C30683900D12B9B /* Mojito.icns */ = {isa = PBXFileReference; lastKnownFileType = image.icns; path = Mojito.icns; sourceTree = "<group>"; };
		D8FD90AB1C2F4D62001145FD /* CandidatesItem.xib */ = {isa = PBXFileReference; fileEncoding = 4; lastKnownFileType = file.xib; path = CandidatesItem.xib; sourceTree = "<group>"; };
		D8FD90AD1C2F4E00001145FD /* CandidatesItem.swift */ = {isa = PBXFileReference; fileEncoding = 4; lastKnownFileType = sourcecode.swift; name = CandidatesItem.swift; path = ../CandidatesItem.swift; sourceTree = "<group>"; };
/* End PBXFileReference section */

/* Begin PBXFrameworksBuildPhase section */
		D88094AD1C2A0FE1005E57CF /* Frameworks */ = {
			isa = PBXFrameworksBuildPhase;
			buildActionMask = 2147483647;
			files = (
				D84045701C6484D1007FBD31 /* ReactiveCocoa.framework in Frameworks */,
				D84045721C6484D1007FBD31 /* SwiftyJSON.framework in Frameworks */,
				D84045801C6489CC007FBD31 /* XCGLogger.framework in Frameworks */,
				D84045871C648B18007FBD31 /* Result.framework in Frameworks */,
			);
			runOnlyForDeploymentPostprocessing = 0;
		};
		D88094C31C2A0FE2005E57CF /* Frameworks */ = {
			isa = PBXFrameworksBuildPhase;
			buildActionMask = 2147483647;
			files = (
				D840458E1C64959E007FBD31 /* ReactiveCocoa.framework in Frameworks */,
				D840458F1C64959E007FBD31 /* Result.framework in Frameworks */,
				D84045901C64959E007FBD31 /* SwiftyJSON.framework in Frameworks */,
				D84045911C64959E007FBD31 /* XCGLogger.framework in Frameworks */,
			);
			runOnlyForDeploymentPostprocessing = 0;
		};
/* End PBXFrameworksBuildPhase section */

/* Begin PBXGroup section */
		687C0858694B9856B608F468 /* Frameworks */ = {
			isa = PBXGroup;
			children = (
				D84045841C648B0B007FBD31 /* Result.framework */,
			);
			name = Frameworks;
			sourceTree = "<group>";
		};
		D88094A71C2A0FE1005E57CF = {
			isa = PBXGroup;
			children = (
				D84045891C648B29007FBD31 /* Result.framework.dSYM */,
				D84045861C648B18007FBD31 /* Result.framework */,
				D84045821C6489DA007FBD31 /* XCGLogger.framework.dSYM */,
				D840457F1C6489CC007FBD31 /* XCGLogger.framework */,
				D84045761C64861F007FBD31 /* CocoaLumberjack.framework.dSYM */,
				D84045771C64861F007FBD31 /* ReactiveCocoa.framework.dSYM */,
				D84045781C64861F007FBD31 /* SwiftyJSON.framework.dSYM */,
				D840456B1C6484D1007FBD31 /* CocoaLumberjack.framework */,
				D840456C1C6484D1007FBD31 /* ReactiveCocoa.framework */,
				D840456D1C6484D1007FBD31 /* SwiftyJSON.framework */,
				D88094B21C2A0FE1005E57CF /* Mojito */,
				D88094C91C2A0FE2005E57CF /* MojitoTests */,
				D88094B11C2A0FE1005E57CF /* Products */,
				687C0858694B9856B608F468 /* Frameworks */,
			);
			sourceTree = "<group>";
		};
		D88094B11C2A0FE1005E57CF /* Products */ = {
			isa = PBXGroup;
			children = (
				D88094B01C2A0FE1005E57CF /* Mojito.app */,
				D88094C61C2A0FE2005E57CF /* Mojito.xctest */,
			);
			name = Products;
			sourceTree = "<group>";
		};
		D88094B21C2A0FE1005E57CF /* Mojito */ = {
			isa = PBXGroup;
			children = (
				D8E82CE01C2BD79A00866A7A /* models */,
				D840458B1C648BBE007FBD31 /* AppDelegate.swift */,
				D88094B91C2A0FE2005E57CF /* ViewController.h */,
				D88094BA1C2A0FE2005E57CF /* ViewController.m */,
				D88094D81C2A1193005E57CF /* ProxyInputController.h */,
				D88094D91C2A1193005E57CF /* ProxyInputController.m */,
				D88094DB1C2A11DD005E57CF /* OVInputSourceHelper.h */,
				D88094DC1C2A11DD005E57CF /* OVInputSourceHelper.m */,
				D8E82CEB1C2BE41200866A7A /* MojitServerProtocol.swift */,
				D8E82CE91C2BE07100866A7A /* MojitServer.swift */,
				D88094D61C2A1086005E57CF /* MojitoInputController.swift */,
				D8C352391C34AF3600FA034E /* CandidatesWindow.swift */,
				D8E82CFA1C2CB92E00866A7A /* CandidatesWindowController.swift */,
				D8E82CF81C2CAD7D00866A7A /* CandidatesViewController.swift */,
				D8FD90AD1C2F4E00001145FD /* CandidatesItem.swift */,
				D840457C1C648804007FBD31 /* Logging.swift */,
				D88094D51C2A1086005E57CF /* Mojito-Bridging-Header.h */,
				D88094BC1C2A0FE2005E57CF /* Assets.xcassets */,
				D88094BE1C2A0FE2005E57CF /* Main.storyboard */,
				D8E82CF61C2CA14200866A7A /* Candidates.storyboard */,
				D8FD90AB1C2F4D62001145FD /* CandidatesItem.xib */,
				D88094C11C2A0FE2005E57CF /* Info.plist */,
				D8F633F71C30683900D12B9B /* Mojito.icns */,
				D885FDC71C337E7F0002E0F2 /* emojilib.json */,
				D88094B61C2A0FE2005E57CF /* Supporting Files */,
			);
			path = Mojito;
			sourceTree = "<group>";
		};
		D88094B61C2A0FE2005E57CF /* Supporting Files */ = {
			isa = PBXGroup;
			children = (
				D88094B71C2A0FE2005E57CF /* main.m */,
			);
			name = "Supporting Files";
			sourceTree = "<group>";
		};
		D88094C91C2A0FE2005E57CF /* MojitoTests */ = {
			isa = PBXGroup;
			children = (
				D8E82CDD1C2A806100866A7A /* Mocks */,
				D8E82CD91C2A780D00866A7A /* MojitoInputControllerTests.swift */,
				D81B914E1C33D85700526895 /* EmojiInputEngineTests.swift */,
				D88094CC1C2A0FE2005E57CF /* Info.plist */,
			);
			path = MojitoTests;
			sourceTree = "<group>";
		};
		D8E82CDD1C2A806100866A7A /* Mocks */ = {
			isa = PBXGroup;
			children = (
				D8E82CDE1C2A807600866A7A /* MockIMKTextInput.swift */,
				D8E82CF21C2BE70E00866A7A /* MockMojitServer.swift */,
				D8E82CF41C2BE73500866A7A /* MockEmojiInputEngine.swift */,
			);
			name = Mocks;
			sourceTree = "<group>";
		};
		D8E82CE01C2BD79A00866A7A /* models */ = {
			isa = PBXGroup;
			children = (
				D81B91461C33835F00526895 /* Emoji.swift */,
				D8E82CE31C2BDA3300866A7A /* EmojiCandidate.swift */,
				D8E82CE11C2BD8A000866A7A /* EmojiInputEngineProtocol.swift */,
				D8E82CE71C2BDD8900866A7A /* EmojiInputEngine.swift */,
			);
			name = models;
			sourceTree = "<group>";
		};
/* End PBXGroup section */

/* Begin PBXNativeTarget section */
		D88094AF1C2A0FE1005E57CF /* Mojito */ = {
			isa = PBXNativeTarget;
			buildConfigurationList = D88094CF1C2A0FE2005E57CF /* Build configuration list for PBXNativeTarget "Mojito" */;
			buildPhases = (
				D88094AC1C2A0FE1005E57CF /* Sources */,
				D88094AD1C2A0FE1005E57CF /* Frameworks */,
				D88094AE1C2A0FE1005E57CF /* Resources */,
				D840456A1C648426007FBD31 /* Embed Frameworks */,
				D84045751C6485FB007FBD31 /* CopyFiles */,
			);
			buildRules = (
			);
			dependencies = (
			);
			name = Mojito;
			productName = EmojiInput;
			productReference = D88094B01C2A0FE1005E57CF /* Mojito.app */;
			productType = "com.apple.product-type.application";
		};
		D88094C51C2A0FE2005E57CF /* MojitoTests */ = {
			isa = PBXNativeTarget;
			buildConfigurationList = D88094D21C2A0FE2005E57CF /* Build configuration list for PBXNativeTarget "MojitoTests" */;
			buildPhases = (
				D88094C21C2A0FE2005E57CF /* Sources */,
				D88094C31C2A0FE2005E57CF /* Frameworks */,
				D88094C41C2A0FE2005E57CF /* Resources */,
			);
			buildRules = (
			);
			dependencies = (
				D88094C81C2A0FE2005E57CF /* PBXTargetDependency */,
			);
			name = MojitoTests;
			productName = EmojiInputTests;
			productReference = D88094C61C2A0FE2005E57CF /* Mojito.xctest */;
			productType = "com.apple.product-type.bundle.unit-test";
		};
/* End PBXNativeTarget section */

/* Begin PBXProject section */
		D88094A81C2A0FE1005E57CF /* Project object */ = {
			isa = PBXProject;
			attributes = {
				LastUpgradeCheck = 0720;
				ORGANIZATIONNAME = VictorLin;
				TargetAttributes = {
					D88094AF1C2A0FE1005E57CF = {
						CreatedOnToolsVersion = 7.2;
					};
					D88094C51C2A0FE2005E57CF = {
						CreatedOnToolsVersion = 7.2;
						TestTargetID = D88094AF1C2A0FE1005E57CF;
					};
				};
			};
			buildConfigurationList = D88094AB1C2A0FE1005E57CF /* Build configuration list for PBXProject "Mojito" */;
			compatibilityVersion = "Xcode 3.2";
			developmentRegion = English;
			hasScannedForEncodings = 0;
			knownRegions = (
				en,
				Base,
			);
			mainGroup = D88094A71C2A0FE1005E57CF;
			productRefGroup = D88094B11C2A0FE1005E57CF /* Products */;
			projectDirPath = "";
			projectRoot = "";
			targets = (
				D88094AF1C2A0FE1005E57CF /* Mojito */,
				D88094C51C2A0FE2005E57CF /* MojitoTests */,
			);
		};
/* End PBXProject section */

/* Begin PBXResourcesBuildPhase section */
		D88094AE1C2A0FE1005E57CF /* Resources */ = {
			isa = PBXResourcesBuildPhase;
			buildActionMask = 2147483647;
			files = (
				D8E82CF71C2CA14200866A7A /* Candidates.storyboard in Resources */,
				D8F633F81C30683900D12B9B /* Mojito.icns in Resources */,
				D88094BD1C2A0FE2005E57CF /* Assets.xcassets in Resources */,
				D8FD90AC1C2F4D62001145FD /* CandidatesItem.xib in Resources */,
				D885FDC81C337E800002E0F2 /* emojilib.json in Resources */,
				D88094C01C2A0FE2005E57CF /* Main.storyboard in Resources */,
			);
			runOnlyForDeploymentPostprocessing = 0;
		};
		D88094C41C2A0FE2005E57CF /* Resources */ = {
			isa = PBXResourcesBuildPhase;
			buildActionMask = 2147483647;
			files = (
			);
			runOnlyForDeploymentPostprocessing = 0;
		};
/* End PBXResourcesBuildPhase section */

/* Begin PBXSourcesBuildPhase section */
		D88094AC1C2A0FE1005E57CF /* Sources */ = {
			isa = PBXSourcesBuildPhase;
			buildActionMask = 2147483647;
			files = (
				D8E82CE41C2BDA3300866A7A /* EmojiCandidate.swift in Sources */,
				D88094BB1C2A0FE2005E57CF /* ViewController.m in Sources */,
				D8E82CEC1C2BE41200866A7A /* MojitServerProtocol.swift in Sources */,
				D8E82CF91C2CAD7D00866A7A /* CandidatesViewController.swift in Sources */,
				D840457D1C648804007FBD31 /* Logging.swift in Sources */,
				D88094D71C2A1086005E57CF /* MojitoInputController.swift in Sources */,
				D8C3523A1C34AF3600FA034E /* CandidatesWindow.swift in Sources */,
				D8E82CE81C2BDD8900866A7A /* EmojiInputEngine.swift in Sources */,
				D88094DD1C2A11DD005E57CF /* OVInputSourceHelper.m in Sources */,
				D8E82CE21C2BD8A000866A7A /* EmojiInputEngineProtocol.swift in Sources */,
				D8FD90AE1C2F4E00001145FD /* CandidatesItem.swift in Sources */,
				D81B91471C33835F00526895 /* Emoji.swift in Sources */,
				D840458C1C648BBE007FBD31 /* AppDelegate.swift in Sources */,
				D8E82CEA1C2BE07100866A7A /* MojitServer.swift in Sources */,
				D88094B81C2A0FE2005E57CF /* main.m in Sources */,
				D8E82CFB1C2CB92E00866A7A /* CandidatesWindowController.swift in Sources */,
				D88094DA1C2A1193005E57CF /* ProxyInputController.m in Sources */,
			);
			runOnlyForDeploymentPostprocessing = 0;
		};
		D88094C21C2A0FE2005E57CF /* Sources */ = {
			isa = PBXSourcesBuildPhase;
			buildActionMask = 2147483647;
			files = (
				D8E82CEF1C2BE6A800866A7A /* EmojiCandidate.swift in Sources */,
				D81B914F1C33D85700526895 /* EmojiInputEngineTests.swift in Sources */,
				D8E82CEE1C2BE6A500866A7A /* MojitServerProtocol.swift in Sources */,
				D891F1931C3372220061B6B0 /* CandidatesWindowController.swift in Sources */,
				D8E82CDF1C2A807600866A7A /* MockIMKTextInput.swift in Sources */,
				D81B91481C33876C00526895 /* Emoji.swift in Sources */,
				D8E82CF11C2BE6AC00866A7A /* EmojiInputEngine.swift in Sources */,
				D8E82CDC1C2A803A00866A7A /* MojitoInputController.swift in Sources */,
				D84045921C649D03007FBD31 /* AppDelegate.swift in Sources */,
				D8E82CED1C2BE6A300866A7A /* MojitServer.swift in Sources */,
				D891F1941C3372260061B6B0 /* CandidatesItem.swift in Sources */,
				D8E82CF01C2BE6AA00866A7A /* EmojiInputEngineProtocol.swift in Sources */,
				D8E82CDA1C2A780D00866A7A /* MojitoInputControllerTests.swift in Sources */,
				D891F1921C3372200061B6B0 /* CandidatesViewController.swift in Sources */,
				D8E82CF31C2BE70E00866A7A /* MockMojitServer.swift in Sources */,
				D8E82CF51C2BE73500866A7A /* MockEmojiInputEngine.swift in Sources */,
			);
			runOnlyForDeploymentPostprocessing = 0;
		};
/* End PBXSourcesBuildPhase section */

/* Begin PBXTargetDependency section */
		D88094C81C2A0FE2005E57CF /* PBXTargetDependency */ = {
			isa = PBXTargetDependency;
			target = D88094AF1C2A0FE1005E57CF /* Mojito */;
			targetProxy = D88094C71C2A0FE2005E57CF /* PBXContainerItemProxy */;
		};
/* End PBXTargetDependency section */

/* Begin PBXVariantGroup section */
		D88094BE1C2A0FE2005E57CF /* Main.storyboard */ = {
			isa = PBXVariantGroup;
			children = (
				D88094BF1C2A0FE2005E57CF /* Base */,
			);
			name = Main.storyboard;
			sourceTree = "<group>";
		};
/* End PBXVariantGroup section */

/* Begin XCBuildConfiguration section */
		D88094CD1C2A0FE2005E57CF /* Debug */ = {
			isa = XCBuildConfiguration;
			buildSettings = {
				ALWAYS_SEARCH_USER_PATHS = NO;
				CLANG_CXX_LANGUAGE_STANDARD = "gnu++0x";
				CLANG_CXX_LIBRARY = "libc++";
				CLANG_ENABLE_MODULES = YES;
				CLANG_ENABLE_OBJC_ARC = YES;
				CLANG_WARN_BOOL_CONVERSION = YES;
				CLANG_WARN_CONSTANT_CONVERSION = YES;
				CLANG_WARN_DIRECT_OBJC_ISA_USAGE = YES_ERROR;
				CLANG_WARN_EMPTY_BODY = YES;
				CLANG_WARN_ENUM_CONVERSION = YES;
				CLANG_WARN_INT_CONVERSION = YES;
				CLANG_WARN_OBJC_ROOT_CLASS = YES_ERROR;
				CLANG_WARN_UNREACHABLE_CODE = YES;
				CLANG_WARN__DUPLICATE_METHOD_MATCH = YES;
				CODE_SIGN_IDENTITY = "-";
				COPY_PHASE_STRIP = NO;
				DEBUG_INFORMATION_FORMAT = dwarf;
				DEFINES_MODULE = YES;
				ENABLE_STRICT_OBJC_MSGSEND = YES;
				ENABLE_TESTABILITY = YES;
				GCC_C_LANGUAGE_STANDARD = gnu99;
				GCC_DYNAMIC_NO_PIC = NO;
				GCC_NO_COMMON_BLOCKS = YES;
				GCC_OPTIMIZATION_LEVEL = 0;
				GCC_PREPROCESSOR_DEFINITIONS = (
					"DEBUG=1",
					"$(inherited)",
				);
				GCC_WARN_64_TO_32_BIT_CONVERSION = YES;
				GCC_WARN_ABOUT_RETURN_TYPE = YES_ERROR;
				GCC_WARN_UNDECLARED_SELECTOR = YES;
				GCC_WARN_UNINITIALIZED_AUTOS = YES_AGGRESSIVE;
				GCC_WARN_UNUSED_FUNCTION = YES;
				GCC_WARN_UNUSED_VARIABLE = YES;
				MACOSX_DEPLOYMENT_TARGET = 10.11;
				MTL_ENABLE_DEBUG_INFO = YES;
				ONLY_ACTIVE_ARCH = YES;
				PRODUCT_NAME = Mojito;
				SDKROOT = macosx;
			};
			name = Debug;
		};
		D88094CE1C2A0FE2005E57CF /* Release */ = {
			isa = XCBuildConfiguration;
			buildSettings = {
				ALWAYS_SEARCH_USER_PATHS = NO;
				CLANG_CXX_LANGUAGE_STANDARD = "gnu++0x";
				CLANG_CXX_LIBRARY = "libc++";
				CLANG_ENABLE_MODULES = YES;
				CLANG_ENABLE_OBJC_ARC = YES;
				CLANG_WARN_BOOL_CONVERSION = YES;
				CLANG_WARN_CONSTANT_CONVERSION = YES;
				CLANG_WARN_DIRECT_OBJC_ISA_USAGE = YES_ERROR;
				CLANG_WARN_EMPTY_BODY = YES;
				CLANG_WARN_ENUM_CONVERSION = YES;
				CLANG_WARN_INT_CONVERSION = YES;
				CLANG_WARN_OBJC_ROOT_CLASS = YES_ERROR;
				CLANG_WARN_UNREACHABLE_CODE = YES;
				CLANG_WARN__DUPLICATE_METHOD_MATCH = YES;
				CODE_SIGN_IDENTITY = "-";
				COPY_PHASE_STRIP = NO;
				DEBUG_INFORMATION_FORMAT = "dwarf-with-dsym";
				DEFINES_MODULE = YES;
				ENABLE_NS_ASSERTIONS = NO;
				ENABLE_STRICT_OBJC_MSGSEND = YES;
				GCC_C_LANGUAGE_STANDARD = gnu99;
				GCC_NO_COMMON_BLOCKS = YES;
				GCC_WARN_64_TO_32_BIT_CONVERSION = YES;
				GCC_WARN_ABOUT_RETURN_TYPE = YES_ERROR;
				GCC_WARN_UNDECLARED_SELECTOR = YES;
				GCC_WARN_UNINITIALIZED_AUTOS = YES_AGGRESSIVE;
				GCC_WARN_UNUSED_FUNCTION = YES;
				GCC_WARN_UNUSED_VARIABLE = YES;
				MACOSX_DEPLOYMENT_TARGET = 10.11;
				MTL_ENABLE_DEBUG_INFO = NO;
				PRODUCT_NAME = Mojito;
				SDKROOT = macosx;
			};
			name = Release;
		};
		D88094D01C2A0FE2005E57CF /* Debug */ = {
			isa = XCBuildConfiguration;
			buildSettings = {
				ASSETCATALOG_COMPILER_APPICON_NAME = AppIcon;
				CLANG_ENABLE_MODULES = YES;
				COMBINE_HIDPI_IMAGES = YES;
				FRAMEWORK_SEARCH_PATHS = (
					"$(inherited)",
					"$(PROJECT_DIR)/Carthage/Build/Mac",
				);
				INFOPLIST_FILE = Mojito/Info.plist;
				LD_RUNPATH_SEARCH_PATHS = "$(inherited) @executable_path/../Frameworks";
				PRODUCT_BUNDLE_IDENTIFIER = cool.brunch.inputmethod.Mojito;
				PRODUCT_NAME = Mojito;
				SWIFT_OBJC_BRIDGING_HEADER = "Mojito/Mojito-Bridging-Header.h";
				SWIFT_OPTIMIZATION_LEVEL = "-Onone";
			};
			name = Debug;
		};
		D88094D11C2A0FE2005E57CF /* Release */ = {
			isa = XCBuildConfiguration;
			buildSettings = {
				ASSETCATALOG_COMPILER_APPICON_NAME = AppIcon;
				CLANG_ENABLE_MODULES = YES;
				COMBINE_HIDPI_IMAGES = YES;
				FRAMEWORK_SEARCH_PATHS = (
					"$(inherited)",
					"$(PROJECT_DIR)/Carthage/Build/Mac",
				);
				INFOPLIST_FILE = Mojito/Info.plist;
				LD_RUNPATH_SEARCH_PATHS = "$(inherited) @executable_path/../Frameworks";
				PRODUCT_BUNDLE_IDENTIFIER = cool.brunch.inputmethod.Mojito;
				PRODUCT_NAME = Mojito;
				SWIFT_OBJC_BRIDGING_HEADER = "Mojito/Mojito-Bridging-Header.h";
			};
			name = Release;
		};
		D88094D31C2A0FE2005E57CF /* Debug */ = {
			isa = XCBuildConfiguration;
			buildSettings = {
				BUNDLE_LOADER = "$(TEST_HOST)";
				CLANG_ENABLE_MODULES = YES;
				COMBINE_HIDPI_IMAGES = YES;
				FRAMEWORK_SEARCH_PATHS = (
					"$(inherited)",
					"$(PROJECT_DIR)/Carthage/Build/Mac",
				);
				INFOPLIST_FILE = MojitoTests/Info.plist;
				LD_RUNPATH_SEARCH_PATHS = "$(inherited) @executable_path/../Frameworks @loader_path/../Frameworks";
				PRODUCT_BUNDLE_IDENTIFIER = cool.brunch.MojitoTests;
				PRODUCT_NAME = Mojito;
				SWIFT_OBJC_BRIDGING_HEADER = "Mojito/Mojito-Bridging-Header.h";
				SWIFT_OPTIMIZATION_LEVEL = "-Onone";
				TEST_HOST = "$(BUILT_PRODUCTS_DIR)/Mojito.app/Contents/MacOS/Mojito";
			};
			name = Debug;
		};
		D88094D41C2A0FE2005E57CF /* Release */ = {
			isa = XCBuildConfiguration;
			buildSettings = {
				BUNDLE_LOADER = "$(TEST_HOST)";
				CLANG_ENABLE_MODULES = YES;
				COMBINE_HIDPI_IMAGES = YES;
				FRAMEWORK_SEARCH_PATHS = (
					"$(inherited)",
					"$(PROJECT_DIR)/Carthage/Build/Mac",
				);
				INFOPLIST_FILE = MojitoTests/Info.plist;
				LD_RUNPATH_SEARCH_PATHS = "$(inherited) @executable_path/../Frameworks @loader_path/../Frameworks";
				PRODUCT_BUNDLE_IDENTIFIER = cool.brunch.MojitoTests;
				PRODUCT_NAME = Mojito;
				SWIFT_OBJC_BRIDGING_HEADER = "Mojito/Mojito-Bridging-Header.h";
				TEST_HOST = "$(BUILT_PRODUCTS_DIR)/Mojito.app/Contents/MacOS/Mojito";
			};
			name = Release;
		};
/* End XCBuildConfiguration section */

/* Begin XCConfigurationList section */
		D88094AB1C2A0FE1005E57CF /* Build configuration list for PBXProject "Mojito" */ = {
			isa = XCConfigurationList;
			buildConfigurations = (
				D88094CD1C2A0FE2005E57CF /* Debug */,
				D88094CE1C2A0FE2005E57CF /* Release */,
			);
			defaultConfigurationIsVisible = 0;
			defaultConfigurationName = Release;
		};
		D88094CF1C2A0FE2005E57CF /* Build configuration list for PBXNativeTarget "Mojito" */ = {
			isa = XCConfigurationList;
			buildConfigurations = (
				D88094D01C2A0FE2005E57CF /* Debug */,
				D88094D11C2A0FE2005E57CF /* Release */,
			);
			defaultConfigurationIsVisible = 0;
			defaultConfigurationName = Release;
		};
		D88094D21C2A0FE2005E57CF /* Build configuration list for PBXNativeTarget "MojitoTests" */ = {
			isa = XCConfigurationList;
			buildConfigurations = (
				D88094D31C2A0FE2005E57CF /* Debug */,
				D88094D41C2A0FE2005E57CF /* Release */,
			);
			defaultConfigurationIsVisible = 0;
			defaultConfigurationName = Release;
		};
/* End XCConfigurationList section */
	};
	rootObject = D88094A81C2A0FE1005E57CF /* Project object */;
}
